
Microsoft Visual Studio Solution File, Format Version 12.00
# Visual Studio Version 17
VisualStudioVersion = 17.2.32317.152
MinimumVisualStudioVersion = 10.0.40219.1
Project("{FAE04EC0-301F-11D3-BF4B-00C04F79EFBC}") = "ABA Therapy Tracker.Android", "ABA Therapy Tracker\ABA Therapy Tracker.Android\ABA Therapy Tracker.Android.csproj", "{1EB71F12-0555-48A1-8EB5-B29C19410B5F}"
EndProject
Project("{FAE04EC0-301F-11D3-BF4B-00C04F79EFBC}") = "ABA Therapy Tracker.iOS", "ABA Therapy Tracker\ABA Therapy Tracker.iOS\ABA Therapy Tracker.iOS.csproj", "{B6EDC32B-0165-45C0-9B94-4B9CF0CF42CF}"
EndProject
Project("{FAE04EC0-301F-11D3-BF4B-00C04F79EFBC}") = "ABA Therapy Tracker", "ABA Therapy Tracker\ABA Therapy Tracker\ABA Therapy Tracker.csproj", "{9679B214-6CCD-4E56-8222-EEE9B1BB2156}"
EndProject
Global
	GlobalSection(SolutionConfigurationPlatforms) = preSolution
		Debug|Any CPU = Debug|Any CPU
		Debug|iPhone = Debug|iPhone
		Debug|iPhoneSimulator = Debug|iPhoneSimulator
		Release|Any CPU = Release|Any CPU
		Release|iPhone = Release|iPhone
		Release|iPhoneSimulator = Release|iPhoneSimulator
	EndGlobalSection
	GlobalSection(ProjectConfigurationPlatforms) = postSolution
		{1EB71F12-0555-48A1-8EB5-B29C19410B5F}.Debug|Any CPU.ActiveCfg = Debug|Any CPU
		{1EB71F12-0555-48A1-8EB5-B29C19410B5F}.Debug|Any CPU.Build.0 = Debug|Any CPU
		{1EB71F12-0555-48A1-8EB5-B29C19410B5F}.Debug|Any CPU.Deploy.0 = Debug|Any CPU
		{1EB71F12-0555-48A1-8EB5-B29C19410B5F}.Debug|iPhone.ActiveCfg = Debug|Any CPU
		{1EB71F12-0555-48A1-8EB5-B29C19410B5F}.Debug|iPhone.Build.0 = Debug|Any CPU
		{1EB71F12-0555-48A1-8EB5-B29C19410B5F}.Debug|iPhone.Deploy.0 = Debug|Any CPU
		{1EB71F12-0555-48A1-8EB5-B29C19410B5F}.Debug|iPhoneSimulator.ActiveCfg = Debug|Any CPU
		{1EB71F12-0555-48A1-8EB5-B29C19410B5F}.Debug|iPhoneSimulator.Build.0 = Debug|Any CPU
		{1EB71F12-0555-48A1-8EB5-B29C19410B5F}.Debug|iPhoneSimulator.Deploy.0 = Debug|Any CPU
		{1EB71F12-0555-48A1-8EB5-B29C19410B5F}.Release|Any CPU.ActiveCfg = Release|Any CPU
		{1EB71F12-0555-48A1-8EB5-B29C19410B5F}.Release|Any CPU.Build.0 = Release|Any CPU
		{1EB71F12-0555-48A1-8EB5-B29C19410B5F}.Release|Any CPU.Deploy.0 = Release|Any CPU
		{1EB71F12-0555-48A1-8EB5-B29C19410B5F}.Release|iPhone.ActiveCfg = Release|Any CPU
		{1EB71F12-0555-48A1-8EB5-B29C19410B5F}.Release|iPhone.Build.0 = Release|Any CPU
		{1EB71F12-0555-48A1-8EB5-B29C19410B5F}.Release|iPhone.Deploy.0 = Release|Any CPU
		{1EB71F12-0555-48A1-8EB5-B29C19410B5F}.Release|iPhoneSimulator.ActiveCfg = Release|Any CPU
		{1EB71F12-0555-48A1-8EB5-B29C19410B5F}.Release|iPhoneSimulator.Build.0 = Release|Any CPU
		{1EB71F12-0555-48A1-8EB5-B29C19410B5F}.Release|iPhoneSimulator.Deploy.0 = Release|Any CPU
		{B6EDC32B-0165-45C0-9B94-4B9CF0CF42CF}.Debug|Any CPU.ActiveCfg = Debug|iPhone
		{B6EDC32B-0165-45C0-9B94-4B9CF0CF42CF}.Debug|Any CPU.Build.0 = Debug|iPhone
		{B6EDC32B-0165-45C0-9B94-4B9CF0CF42CF}.Debug|Any CPU.Deploy.0 = Debug|iPhone
		{B6EDC32B-0165-45C0-9B94-4B9CF0CF42CF}.Debug|iPhone.ActiveCfg = Debug|iPhone
		{B6EDC32B-0165-45C0-9B94-4B9CF0CF42CF}.Debug|iPhone.Build.0 = Debug|iPhone
		{B6EDC32B-0165-45C0-9B94-4B9CF0CF42CF}.Debug|iPhone.Deploy.0 = Debug|iPhone
		{B6EDC32B-0165-45C0-9B94-4B9CF0CF42CF}.Debug|iPhoneSimulator.ActiveCfg = Debug|iPhoneSimulator
		{B6EDC32B-0165-45C0-9B94-4B9CF0CF42CF}.Debug|iPhoneSimulator.Build.0 = Debug|iPhoneSimulator
		{B6EDC32B-0165-45C0-9B94-4B9CF0CF42CF}.Debug|iPhoneSimulator.Deploy.0 = Debug|iPhoneSimulator
		{B6EDC32B-0165-45C0-9B94-4B9CF0CF42CF}.Release|Any CPU.ActiveCfg = Release|iPhoneSimulator
		{B6EDC32B-0165-45C0-9B94-4B9CF0CF42CF}.Release|Any CPU.Build.0 = Release|iPhoneSimulator
		{B6EDC32B-0165-45C0-9B94-4B9CF0CF42CF}.Release|Any CPU.Deploy.0 = Release|iPhoneSimulator
		{B6EDC32B-0165-45C0-9B94-4B9CF0CF42CF}.Release|iPhone.ActiveCfg = Release|iPhone
		{B6EDC32B-0165-45C0-9B94-4B9CF0CF42CF}.Release|iPhone.Build.0 = Release|iPhone
		{B6EDC32B-0165-45C0-9B94-4B9CF0CF42CF}.Release|iPhone.Deploy.0 = Release|iPhone
		{B6EDC32B-0165-45C0-9B94-4B9CF0CF42CF}.Release|iPhoneSimulator.ActiveCfg = Release|iPhoneSimulator
		{B6EDC32B-0165-45C0-9B94-4B9CF0CF42CF}.Release|iPhoneSimulator.Build.0 = Release|iPhoneSimulator
		{B6EDC32B-0165-45C0-9B94-4B9CF0CF42CF}.Release|iPhoneSimulator.Deploy.0 = Release|iPhoneSimulator
		{9679B214-6CCD-4E56-8222-EEE9B1BB2156}.Debug|Any CPU.ActiveCfg = Debug|Any CPU
		{9679B214-6CCD-4E56-8222-EEE9B1BB2156}.Debug|Any CPU.Build.0 = Debug|Any CPU
		{9679B214-6CCD-4E56-8222-EEE9B1BB2156}.Debug|Any CPU.Deploy.0 = Debug|Any CPU
		{9679B214-6CCD-4E56-8222-EEE9B1BB2156}.Debug|iPhone.ActiveCfg = Debug|Any CPU
		{9679B214-6CCD-4E56-8222-EEE9B1BB2156}.Debug|iPhone.Build.0 = Debug|Any CPU
		{9679B214-6CCD-4E56-8222-EEE9B1BB2156}.Debug|iPhone.Deploy.0 = Debug|Any CPU
		{9679B214-6CCD-4E56-8222-EEE9B1BB2156}.Debug|iPhoneSimulator.ActiveCfg = Debug|Any CPU
		{9679B214-6CCD-4E56-8222-EEE9B1BB2156}.Debug|iPhoneSimulator.Build.0 = Debug|Any CPU
		{9679B214-6CCD-4E56-8222-EEE9B1BB2156}.Debug|iPhoneSimulator.Deploy.0 = Debug|Any CPU
		{9679B214-6CCD-4E56-8222-EEE9B1BB2156}.Release|Any CPU.ActiveCfg = Release|Any CPU
		{9679B214-6CCD-4E56-8222-EEE9B1BB2156}.Release|Any CPU.Build.0 = Release|Any CPU
		{9679B214-6CCD-4E56-8222-EEE9B1BB2156}.Release|Any CPU.Deploy.0 = Release|Any CPU
		{9679B214-6CCD-4E56-8222-EEE9B1BB2156}.Release|iPhone.ActiveCfg = Release|Any CPU
		{9679B214-6CCD-4E56-8222-EEE9B1BB2156}.Release|iPhone.Build.0 = Release|Any CPU
		{9679B214-6CCD-4E56-8222-EEE9B1BB2156}.Release|iPhone.Deploy.0 = Release|Any CPU
		{9679B214-6CCD-4E56-8222-EEE9B1BB2156}.Release|iPhoneSimulator.ActiveCfg = Release|Any CPU
		{9679B214-6CCD-4E56-8222-EEE9B1BB2156}.Release|iPhoneSimulator.Build.0 = Release|Any CPU
		{9679B214-6CCD-4E56-8222-EEE9B1BB2156}.Release|iPhoneSimulator.Deploy.0 = Release|Any CPU
	EndGlobalSection
	GlobalSection(SolutionProperties) = preSolution
		HideSolutionNode = FALSE
	EndGlobalSection
	GlobalSection(ExtensibilityGlobals) = postSolution
		SolutionGuid = {13C8E0C2-7EAF-46E4-A16A-D0497930E4E3}
	EndGlobalSection
EndGlobal
